
Microsoft Visual Studio Solution File, Format Version 12.00
# Visual Studio 15
VisualStudioVersion = 15.0.27004.2009
MinimumVisualStudioVersion = 10.0.40219.1
Project("{FAE04EC0-301F-11D3-BF4B-00C04F79EFBC}") = "CX418DataAccess", "CX418DataAccess\CX418DataAccess.csproj", "{8FDBB41C-AF4F-47AD-8C8D-186BC4A2600C}"
EndProject
Project("{FAE04EC0-301F-11D3-BF4B-00C04F79EFBC}") = "CX418RaceTimerREST", "CX418RaceTimerREST\CX418RaceTimerREST.csproj", "{C354C4BF-56E3-4740-BD2C-41B3F34440AD}"
EndProject
Global
	GlobalSection(SolutionConfigurationPlatforms) = preSolution
		Debug|Any CPU = Debug|Any CPU
		Release|Any CPU = Release|Any CPU
	EndGlobalSection
	GlobalSection(ProjectConfigurationPlatforms) = postSolution
		{8FDBB41C-AF4F-47AD-8C8D-186BC4A2600C}.Debug|Any CPU.ActiveCfg = Debug|Any CPU
		{8FDBB41C-AF4F-47AD-8C8D-186BC4A2600C}.Debug|Any CPU.Build.0 = Debug|Any CPU
		{8FDBB41C-AF4F-47AD-8C8D-186BC4A2600C}.Release|Any CPU.ActiveCfg = Release|Any CPU
		{8FDBB41C-AF4F-47AD-8C8D-186BC4A2600C}.Release|Any CPU.Build.0 = Release|Any CPU
		{C354C4BF-56E3-4740-BD2C-41B3F34440AD}.Debug|Any CPU.ActiveCfg = Debug|Any CPU
		{C354C4BF-56E3-4740-BD2C-41B3F34440AD}.Debug|Any CPU.Build.0 = Debug|Any CPU
		{C354C4BF-56E3-4740-BD2C-41B3F34440AD}.Release|Any CPU.ActiveCfg = Release|Any CPU
		{C354C4BF-56E3-4740-BD2C-41B3F34440AD}.Release|Any CPU.Build.0 = Release|Any CPU
	EndGlobalSection
	GlobalSection(SolutionProperties) = preSolution
		HideSolutionNode = FALSE
	EndGlobalSection
	GlobalSection(ExtensibilityGlobals) = postSolution
		SolutionGuid = {EAE64AA1-468F-4F8D-83FA-649BD7AF2FCC}
	EndGlobalSection
EndGlobal
